
Microsoft Visual Studio Solution File, Format Version 12.00
Project("{FAE04EC0-301F-11D3-BF4B-00C04F79EFBC}") = "AnimalTownGame", "AnimalTownGame.csproj", "{BCC168A3-4F49-4318-91FB-58EB7A218A2E}"
EndProject
Global
	GlobalSection(SolutionConfigurationPlatforms) = preSolution
		Debug|Any CPU = Debug|Any CPU
		Release|Any CPU = Release|Any CPU
	EndGlobalSection
	GlobalSection(ProjectConfigurationPlatforms) = postSolution
		{BCC168A3-4F49-4318-91FB-58EB7A218A2E}.Debug|Any CPU.ActiveCfg = Debug|Any CPU
		{BCC168A3-4F49-4318-91FB-58EB7A218A2E}.Debug|Any CPU.Build.0 = Debug|Any CPU
		{BCC168A3-4F49-4318-91FB-58EB7A218A2E}.Release|Any CPU.ActiveCfg = Release|Any CPU
		{BCC168A3-4F49-4318-91FB-58EB7A218A2E}.Release|Any CPU.Build.0 = Release|Any CPU
	EndGlobalSection
EndGlobal
